// !$*UTF8*$!
{
	archiveVersion = 1;
	classes = {
	};
	objectVersion = 46;
	objects = {

/* Begin PBXBuildFile section */
		830772881E8558C60053C2F8 /* MainSceneView.swift in Sources */ = {isa = PBXBuildFile; fileRef = 830772871E8558C60053C2F8 /* MainSceneView.swift */; };
		8307728A1E8608570053C2F8 /* ImageSourceView.swift in Sources */ = {isa = PBXBuildFile; fileRef = 830772891E8608570053C2F8 /* ImageSourceView.swift */; };
		8307728C1E8608DF0053C2F8 /* RoundedRectView.swift in Sources */ = {isa = PBXBuildFile; fileRef = 8307728B1E8608DF0053C2F8 /* RoundedRectView.swift */; };
		830772931E86094A0053C2F8 /* Helpers.swift in Sources */ = {isa = PBXBuildFile; fileRef = 830772921E86094A0053C2F8 /* Helpers.swift */; };
		830772981E8635F30053C2F8 /* ExtImageView.swift in Sources */ = {isa = PBXBuildFile; fileRef = 830772971E8635F30053C2F8 /* ExtImageView.swift */; };
		832B403A1E84340B0054035E /* MainWindowController.swift in Sources */ = {isa = PBXBuildFile; fileRef = 832B40391E84340B0054035E /* MainWindowController.swift */; };
		8330357A1E89672F00E8CEFD /* SelectedEditorObject.swift in Sources */ = {isa = PBXBuildFile; fileRef = 833035791E89672F00E8CEFD /* SelectedEditorObject.swift */; };
		83322D591E7ACD9E00375E30 /* AppDelegate.swift in Sources */ = {isa = PBXBuildFile; fileRef = 83322D581E7ACD9E00375E30 /* AppDelegate.swift */; };
		83322D5B1E7ACD9E00375E30 /* MainVC.swift in Sources */ = {isa = PBXBuildFile; fileRef = 83322D5A1E7ACD9E00375E30 /* MainVC.swift */; };
		83322D601E7ACD9E00375E30 /* Main.storyboard in Resources */ = {isa = PBXBuildFile; fileRef = 83322D5E1E7ACD9E00375E30 /* Main.storyboard */; };
		83ABF7E71E86634400FF7953 /* OutputWriter.swift in Sources */ = {isa = PBXBuildFile; fileRef = 83ABF7E61E86634400FF7953 /* OutputWriter.swift */; };
		83BC25321E8B67D4007942F2 /* MainVC_Guides.swift in Sources */ = {isa = PBXBuildFile; fileRef = 83BC25311E8B67D4007942F2 /* MainVC_Guides.swift */; };
		83BC253E1E8B8ACA007942F2 /* Assets.xcassets in Resources */ = {isa = PBXBuildFile; fileRef = 83BC253D1E8B8ACA007942F2 /* Assets.xcassets */; };
		83BC25401E8B975F007942F2 /* SelectionView.xib in Resources */ = {isa = PBXBuildFile; fileRef = 83BC253F1E8B975F007942F2 /* SelectionView.xib */; };
		83CF99341E8AB6D80097B233 /* MainVC_MouseDownExt.swift in Sources */ = {isa = PBXBuildFile; fileRef = 83CF99331E8AB6D80097B233 /* MainVC_MouseDownExt.swift */; };
		83CF99361E8AB7210097B233 /* MainVC_MouseDraggedExt.swift in Sources */ = {isa = PBXBuildFile; fileRef = 83CF99351E8AB7210097B233 /* MainVC_MouseDraggedExt.swift */; };
		83CF99381E8AB7550097B233 /* MainVC_MouseUpExt.swift in Sources */ = {isa = PBXBuildFile; fileRef = 83CF99371E8AB7550097B233 /* MainVC_MouseUpExt.swift */; };
		83CF993A1E8AB9E20097B233 /* MainVC_DestinationViewDelegate.swift in Sources */ = {isa = PBXBuildFile; fileRef = 83CF99391E8AB9E20097B233 /* MainVC_DestinationViewDelegate.swift */; };
		83D1B3531E7C31F800B6B86A /* ToolsVC.swift in Sources */ = {isa = PBXBuildFile; fileRef = 83D1B3521E7C31F800B6B86A /* ToolsVC.swift */; };
/* End PBXBuildFile section */

/* Begin PBXFileReference section */
		830772871E8558C60053C2F8 /* MainSceneView.swift */ = {isa = PBXFileReference; fileEncoding = 4; lastKnownFileType = sourcecode.swift; path = MainSceneView.swift; sourceTree = "<group>"; };
		830772891E8608570053C2F8 /* ImageSourceView.swift */ = {isa = PBXFileReference; fileEncoding = 4; lastKnownFileType = sourcecode.swift; path = ImageSourceView.swift; sourceTree = "<group>"; };
		8307728B1E8608DF0053C2F8 /* RoundedRectView.swift */ = {isa = PBXFileReference; fileEncoding = 4; lastKnownFileType = sourcecode.swift; path = RoundedRectView.swift; sourceTree = "<group>"; };
		830772921E86094A0053C2F8 /* Helpers.swift */ = {isa = PBXFileReference; fileEncoding = 4; lastKnownFileType = sourcecode.swift; path = Helpers.swift; sourceTree = "<group>"; };
		830772971E8635F30053C2F8 /* ExtImageView.swift */ = {isa = PBXFileReference; fileEncoding = 4; lastKnownFileType = sourcecode.swift; path = ExtImageView.swift; sourceTree = "<group>"; };
		832B40391E84340B0054035E /* MainWindowController.swift */ = {isa = PBXFileReference; fileEncoding = 4; lastKnownFileType = sourcecode.swift; path = MainWindowController.swift; sourceTree = "<group>"; };
		833035791E89672F00E8CEFD /* SelectedEditorObject.swift */ = {isa = PBXFileReference; fileEncoding = 4; lastKnownFileType = sourcecode.swift; path = SelectedEditorObject.swift; sourceTree = "<group>"; };
		83322D551E7ACD9E00375E30 /* SampleEditor.app */ = {isa = PBXFileReference; explicitFileType = wrapper.application; includeInIndex = 0; path = SampleEditor.app; sourceTree = BUILT_PRODUCTS_DIR; };
		83322D581E7ACD9E00375E30 /* AppDelegate.swift */ = {isa = PBXFileReference; lastKnownFileType = sourcecode.swift; path = AppDelegate.swift; sourceTree = "<group>"; };
		83322D5A1E7ACD9E00375E30 /* MainVC.swift */ = {isa = PBXFileReference; lastKnownFileType = sourcecode.swift; path = MainVC.swift; sourceTree = "<group>"; };
		83322D5F1E7ACD9E00375E30 /* Base */ = {isa = PBXFileReference; lastKnownFileType = file.storyboard; name = Base; path = Base.lproj/Main.storyboard; sourceTree = "<group>"; };
		83322D611E7ACD9E00375E30 /* Info.plist */ = {isa = PBXFileReference; lastKnownFileType = text.plist.xml; path = Info.plist; sourceTree = "<group>"; };
		83ABF7E61E86634400FF7953 /* OutputWriter.swift */ = {isa = PBXFileReference; fileEncoding = 4; lastKnownFileType = sourcecode.swift; path = OutputWriter.swift; sourceTree = "<group>"; };
		83BC25311E8B67D4007942F2 /* MainVC_Guides.swift */ = {isa = PBXFileReference; fileEncoding = 4; lastKnownFileType = sourcecode.swift; path = MainVC_Guides.swift; sourceTree = "<group>"; };
		83BC253D1E8B8ACA007942F2 /* Assets.xcassets */ = {isa = PBXFileReference; lastKnownFileType = folder.assetcatalog; name = Assets.xcassets; path = SampleEditor/Assets.xcassets; sourceTree = "<group>"; };
		83BC253F1E8B975F007942F2 /* SelectionView.xib */ = {isa = PBXFileReference; fileEncoding = 4; lastKnownFileType = file.xib; path = SelectionView.xib; sourceTree = "<group>"; };
		83CF99331E8AB6D80097B233 /* MainVC_MouseDownExt.swift */ = {isa = PBXFileReference; fileEncoding = 4; lastKnownFileType = sourcecode.swift; path = MainVC_MouseDownExt.swift; sourceTree = "<group>"; };
		83CF99351E8AB7210097B233 /* MainVC_MouseDraggedExt.swift */ = {isa = PBXFileReference; fileEncoding = 4; lastKnownFileType = sourcecode.swift; path = MainVC_MouseDraggedExt.swift; sourceTree = "<group>"; };
		83CF99371E8AB7550097B233 /* MainVC_MouseUpExt.swift */ = {isa = PBXFileReference; fileEncoding = 4; lastKnownFileType = sourcecode.swift; path = MainVC_MouseUpExt.swift; sourceTree = "<group>"; };
		83CF99391E8AB9E20097B233 /* MainVC_DestinationViewDelegate.swift */ = {isa = PBXFileReference; fileEncoding = 4; lastKnownFileType = sourcecode.swift; path = MainVC_DestinationViewDelegate.swift; sourceTree = "<group>"; };
		83D1B3521E7C31F800B6B86A /* ToolsVC.swift */ = {isa = PBXFileReference; fileEncoding = 4; lastKnownFileType = sourcecode.swift; path = ToolsVC.swift; sourceTree = "<group>"; };
/* End PBXFileReference section */

/* Begin PBXFrameworksBuildPhase section */
		83322D521E7ACD9D00375E30 /* Frameworks */ = {
			isa = PBXFrameworksBuildPhase;
			buildActionMask = 2147483647;
			files = (
			);
			runOnlyForDeploymentPostprocessing = 0;
		};
/* End PBXFrameworksBuildPhase section */

/* Begin PBXGroup section */
		8307728D1E8608E40053C2F8 /* Source */ = {
			isa = PBXGroup;
			children = (
				830772891E8608570053C2F8 /* ImageSourceView.swift */,
			);
			name = Source;
			sourceTree = "<group>";
		};
		8307728E1E8608EC0053C2F8 /* Destination */ = {
			isa = PBXGroup;
			children = (
				830772871E8558C60053C2F8 /* MainSceneView.swift */,
			);
			name = Destination;
			sourceTree = "<group>";
		};
		8307728F1E8608F30053C2F8 /* Drawing */ = {
			isa = PBXGroup;
			children = (
				8307728B1E8608DF0053C2F8 /* RoundedRectView.swift */,
			);
			name = Drawing;
			sourceTree = "<group>";
		};
		830772901E86090A0053C2F8 /* Tools */ = {
			isa = PBXGroup;
			children = (
				83D1B3521E7C31F800B6B86A /* ToolsVC.swift */,
			);
			name = Tools;
			sourceTree = "<group>";
		};
		830772911E86093B0053C2F8 /* Helpers */ = {
			isa = PBXGroup;
			children = (
				830772921E86094A0053C2F8 /* Helpers.swift */,
				833035791E89672F00E8CEFD /* SelectedEditorObject.swift */,
			);
			name = Helpers;
			sourceTree = "<group>";
		};
		830772961E8635D50053C2F8 /* EditorItem */ = {
			isa = PBXGroup;
			children = (
				830772971E8635F30053C2F8 /* ExtImageView.swift */,
			);
			name = EditorItem;
			sourceTree = "<group>";
		};
		83322D4C1E7ACD9D00375E30 = {
			isa = PBXGroup;
			children = (
				83322D571E7ACD9E00375E30 /* SampleEditor */,
				83322D561E7ACD9E00375E30 /* Products */,
				83BC253D1E8B8ACA007942F2 /* Assets.xcassets */,
			);
			sourceTree = "<group>";
		};
		83322D561E7ACD9E00375E30 /* Products */ = {
			isa = PBXGroup;
			children = (
				83322D551E7ACD9E00375E30 /* SampleEditor.app */,
			);
			name = Products;
			sourceTree = "<group>";
		};
		83322D571E7ACD9E00375E30 /* SampleEditor */ = {
			isa = PBXGroup;
			children = (
				83CF99311E8AB6BA0097B233 /* Extensions */,
				83ABF7E51E86632100FF7953 /* Output */,
				830772961E8635D50053C2F8 /* EditorItem */,
				830772911E86093B0053C2F8 /* Helpers */,
				830772901E86090A0053C2F8 /* Tools */,
				8307728F1E8608F30053C2F8 /* Drawing */,
				8307728E1E8608EC0053C2F8 /* Destination */,
				8307728D1E8608E40053C2F8 /* Source */,
				83D1B34F1E7C316C00B6B86A /* Resources */,
				83322D581E7ACD9E00375E30 /* AppDelegate.swift */,
				832B40391E84340B0054035E /* MainWindowController.swift */,
				83BC253F1E8B975F007942F2 /* SelectionView.xib */,
				83322D5E1E7ACD9E00375E30 /* Main.storyboard */,
				83322D611E7ACD9E00375E30 /* Info.plist */,
			);
			path = SampleEditor;
			sourceTree = "<group>";
		};
		83ABF7E51E86632100FF7953 /* Output */ = {
			isa = PBXGroup;
			children = (
				83ABF7E61E86634400FF7953 /* OutputWriter.swift */,
			);
			name = Output;
			sourceTree = "<group>";
		};
		83CF99311E8AB6BA0097B233 /* Extensions */ = {
			isa = PBXGroup;
			children = (
				83CF99321E8AB6C10097B233 /* MainVC */,
			);
			name = Extensions;
			sourceTree = "<group>";
		};
		83CF99321E8AB6C10097B233 /* MainVC */ = {
			isa = PBXGroup;
			children = (
				83CF99331E8AB6D80097B233 /* MainVC_MouseDownExt.swift */,
				83CF99351E8AB7210097B233 /* MainVC_MouseDraggedExt.swift */,
				83CF99371E8AB7550097B233 /* MainVC_MouseUpExt.swift */,
				83CF99391E8AB9E20097B233 /* MainVC_DestinationViewDelegate.swift */,
				83BC25311E8B67D4007942F2 /* MainVC_Guides.swift */,
				83322D5A1E7ACD9E00375E30 /* MainVC.swift */,
			);
			name = MainVC;
			sourceTree = "<group>";
		};
		83D1B34F1E7C316C00B6B86A /* Resources */ = {
			isa = PBXGroup;
			children = (
			);
			path = Resources;
			sourceTree = "<group>";
		};
/* End PBXGroup section */

/* Begin PBXNativeTarget section */
		83322D541E7ACD9D00375E30 /* SampleEditor */ = {
			isa = PBXNativeTarget;
			buildConfigurationList = 83322D641E7ACD9E00375E30 /* Build configuration list for PBXNativeTarget "SampleEditor" */;
			buildPhases = (
				83322D511E7ACD9D00375E30 /* Sources */,
				83322D521E7ACD9D00375E30 /* Frameworks */,
				83322D531E7ACD9D00375E30 /* Resources */,
			);
			buildRules = (
			);
			dependencies = (
			);
			name = SampleEditor;
			productName = SampleEditor;
			productReference = 83322D551E7ACD9E00375E30 /* SampleEditor.app */;
			productType = "com.apple.product-type.application";
		};
/* End PBXNativeTarget section */

/* Begin PBXProject section */
		83322D4D1E7ACD9D00375E30 /* Project object */ = {
			isa = PBXProject;
			attributes = {
				LastSwiftUpdateCheck = 0810;
				LastUpgradeCheck = 0820;
				ORGANIZATIONNAME = SillyatomGames;
				TargetAttributes = {
					83322D541E7ACD9D00375E30 = {
						CreatedOnToolsVersion = 8.1;
						DevelopmentTeam = Q3EWS4J99N;
						ProvisioningStyle = Automatic;
					};
				};
			};
			buildConfigurationList = 83322D501E7ACD9D00375E30 /* Build configuration list for PBXProject "SampleEditor" */;
			compatibilityVersion = "Xcode 3.2";
			developmentRegion = English;
			hasScannedForEncodings = 0;
			knownRegions = (
				en,
				Base,
			);
			mainGroup = 83322D4C1E7ACD9D00375E30;
			productRefGroup = 83322D561E7ACD9E00375E30 /* Products */;
			projectDirPath = "";
			projectRoot = "";
			targets = (
				83322D541E7ACD9D00375E30 /* SampleEditor */,
			);
		};
/* End PBXProject section */

/* Begin PBXResourcesBuildPhase section */
		83322D531E7ACD9D00375E30 /* Resources */ = {
			isa = PBXResourcesBuildPhase;
			buildActionMask = 2147483647;
			files = (
				83322D601E7ACD9E00375E30 /* Main.storyboard in Resources */,
				83BC253E1E8B8ACA007942F2 /* Assets.xcassets in Resources */,
				83BC25401E8B975F007942F2 /* SelectionView.xib in Resources */,
			);
			runOnlyForDeploymentPostprocessing = 0;
		};
/* End PBXResourcesBuildPhase section */

/* Begin PBXSourcesBuildPhase section */
		83322D511E7ACD9D00375E30 /* Sources */ = {
			isa = PBXSourcesBuildPhase;
			buildActionMask = 2147483647;
			files = (
				83322D5B1E7ACD9E00375E30 /* MainVC.swift in Sources */,
				8330357A1E89672F00E8CEFD /* SelectedEditorObject.swift in Sources */,
				8307728A1E8608570053C2F8 /* ImageSourceView.swift in Sources */,
				83CF99341E8AB6D80097B233 /* MainVC_MouseDownExt.swift in Sources */,
				8307728C1E8608DF0053C2F8 /* RoundedRectView.swift in Sources */,
				83ABF7E71E86634400FF7953 /* OutputWriter.swift in Sources */,
				830772931E86094A0053C2F8 /* Helpers.swift in Sources */,
				83322D591E7ACD9E00375E30 /* AppDelegate.swift in Sources */,
				83CF99361E8AB7210097B233 /* MainVC_MouseDraggedExt.swift in Sources */,
				830772981E8635F30053C2F8 /* ExtImageView.swift in Sources */,
				832B403A1E84340B0054035E /* MainWindowController.swift in Sources */,
				830772881E8558C60053C2F8 /* MainSceneView.swift in Sources */,
				83BC25321E8B67D4007942F2 /* MainVC_Guides.swift in Sources */,
				83CF99381E8AB7550097B233 /* MainVC_MouseUpExt.swift in Sources */,
				83CF993A1E8AB9E20097B233 /* MainVC_DestinationViewDelegate.swift in Sources */,
				83D1B3531E7C31F800B6B86A /* ToolsVC.swift in Sources */,
			);
			runOnlyForDeploymentPostprocessing = 0;
		};
/* End PBXSourcesBuildPhase section */

/* Begin PBXVariantGroup section */
		83322D5E1E7ACD9E00375E30 /* Main.storyboard */ = {
			isa = PBXVariantGroup;
			children = (
				83322D5F1E7ACD9E00375E30 /* Base */,
			);
			name = Main.storyboard;
			sourceTree = "<group>";
		};
/* End PBXVariantGroup section */

/* Begin XCBuildConfiguration section */
		83322D621E7ACD9E00375E30 /* Debug */ = {
			isa = XCBuildConfiguration;
			buildSettings = {
				ALWAYS_SEARCH_USER_PATHS = NO;
				CLANG_ANALYZER_NONNULL = YES;
				CLANG_CXX_LANGUAGE_STANDARD = "gnu++0x";
				CLANG_CXX_LIBRARY = "libc++";
				CLANG_ENABLE_MODULES = YES;
				CLANG_ENABLE_OBJC_ARC = YES;
				CLANG_WARN_BOOL_CONVERSION = YES;
				CLANG_WARN_CONSTANT_CONVERSION = YES;
				CLANG_WARN_DIRECT_OBJC_ISA_USAGE = YES_ERROR;
				CLANG_WARN_DOCUMENTATION_COMMENTS = YES;
				CLANG_WARN_EMPTY_BODY = YES;
				CLANG_WARN_ENUM_CONVERSION = YES;
				CLANG_WARN_INFINITE_RECURSION = YES;
				CLANG_WARN_INT_CONVERSION = YES;
				CLANG_WARN_OBJC_ROOT_CLASS = YES_ERROR;
				CLANG_WARN_SUSPICIOUS_MOVE = YES;
				CLANG_WARN_SUSPICIOUS_MOVES = YES;
				CLANG_WARN_UNREACHABLE_CODE = YES;
				CLANG_WARN__DUPLICATE_METHOD_MATCH = YES;
				CODE_SIGN_IDENTITY = "-";
				COPY_PHASE_STRIP = NO;
				DEBUG_INFORMATION_FORMAT = dwarf;
				ENABLE_STRICT_OBJC_MSGSEND = YES;
				ENABLE_TESTABILITY = YES;
				GCC_C_LANGUAGE_STANDARD = gnu99;
				GCC_DYNAMIC_NO_PIC = NO;
				GCC_NO_COMMON_BLOCKS = YES;
				GCC_OPTIMIZATION_LEVEL = 0;
				GCC_PREPROCESSOR_DEFINITIONS = (
					"DEBUG=1",
					"$(inherited)",
				);
				GCC_WARN_64_TO_32_BIT_CONVERSION = YES;
				GCC_WARN_ABOUT_RETURN_TYPE = YES_ERROR;
				GCC_WARN_UNDECLARED_SELECTOR = YES;
				GCC_WARN_UNINITIALIZED_AUTOS = YES_AGGRESSIVE;
				GCC_WARN_UNUSED_FUNCTION = YES;
				GCC_WARN_UNUSED_VARIABLE = YES;
				MACOSX_DEPLOYMENT_TARGET = 10.11;
				MTL_ENABLE_DEBUG_INFO = YES;
				ONLY_ACTIVE_ARCH = YES;
				SDKROOT = macosx;
				SWIFT_ACTIVE_COMPILATION_CONDITIONS = DEBUG;
				SWIFT_OPTIMIZATION_LEVEL = "-Onone";
			};
			name = Debug;
		};
		83322D631E7ACD9E00375E30 /* Release */ = {
			isa = XCBuildConfiguration;
			buildSettings = {
				ALWAYS_SEARCH_USER_PATHS = NO;
				CLANG_ANALYZER_NONNULL = YES;
				CLANG_CXX_LANGUAGE_STANDARD = "gnu++0x";
				CLANG_CXX_LIBRARY = "libc++";
				CLANG_ENABLE_MODULES = YES;
				CLANG_ENABLE_OBJC_ARC = YES;
				CLANG_WARN_BOOL_CONVERSION = YES;
				CLANG_WARN_CONSTANT_CONVERSION = YES;
				CLANG_WARN_DIRECT_OBJC_ISA_USAGE = YES_ERROR;
				CLANG_WARN_DOCUMENTATION_COMMENTS = YES;
				CLANG_WARN_EMPTY_BODY = YES;
				CLANG_WARN_ENUM_CONVERSION = YES;
				CLANG_WARN_INFINITE_RECURSION = YES;
				CLANG_WARN_INT_CONVERSION = YES;
				CLANG_WARN_OBJC_ROOT_CLASS = YES_ERROR;
				CLANG_WARN_SUSPICIOUS_MOVE = YES;
				CLANG_WARN_SUSPICIOUS_MOVES = YES;
				CLANG_WARN_UNREACHABLE_CODE = YES;
				CLANG_WARN__DUPLICATE_METHOD_MATCH = YES;
				CODE_SIGN_IDENTITY = "-";
				COPY_PHASE_STRIP = NO;
				DEBUG_INFORMATION_FORMAT = "dwarf-with-dsym";
				ENABLE_NS_ASSERTIONS = NO;
				ENABLE_STRICT_OBJC_MSGSEND = YES;
				GCC_C_LANGUAGE_STANDARD = gnu99;
				GCC_NO_COMMON_BLOCKS = YES;
				GCC_WARN_64_TO_32_BIT_CONVERSION = YES;
				GCC_WARN_ABOUT_RETURN_TYPE = YES_ERROR;
				GCC_WARN_UNDECLARED_SELECTOR = YES;
				GCC_WARN_UNINITIALIZED_AUTOS = YES_AGGRESSIVE;
				GCC_WARN_UNUSED_FUNCTION = YES;
				GCC_WARN_UNUSED_VARIABLE = YES;
				MACOSX_DEPLOYMENT_TARGET = 10.11;
				MTL_ENABLE_DEBUG_INFO = NO;
				SDKROOT = macosx;
				SWIFT_OPTIMIZATION_LEVEL = "-Owholemodule";
			};
			name = Release;
		};
		83322D651E7ACD9E00375E30 /* Debug */ = {
			isa = XCBuildConfiguration;
			buildSettings = {
				ASSETCATALOG_COMPILER_APPICON_NAME = AppIcon;
				COMBINE_HIDPI_IMAGES = YES;
				DEVELOPMENT_TEAM = Q3EWS4J99N;
				INFOPLIST_FILE = SampleEditor/Info.plist;
				LD_RUNPATH_SEARCH_PATHS = "$(inherited) @executable_path/../Frameworks";
				PRODUCT_BUNDLE_IDENTIFIER = com.sillyatomgames.SampleEditor;
				PRODUCT_NAME = "$(TARGET_NAME)";
				SWIFT_VERSION = 3.0;
			};
			name = Debug;
		};
		83322D661E7ACD9E00375E30 /* Release */ = {
			isa = XCBuildConfiguration;
			buildSettings = {
				ASSETCATALOG_COMPILER_APPICON_NAME = AppIcon;
				COMBINE_HIDPI_IMAGES = YES;
				DEVELOPMENT_TEAM = Q3EWS4J99N;
				INFOPLIST_FILE = SampleEditor/Info.plist;
				LD_RUNPATH_SEARCH_PATHS = "$(inherited) @executable_path/../Frameworks";
				PRODUCT_BUNDLE_IDENTIFIER = com.sillyatomgames.SampleEditor;
				PRODUCT_NAME = "$(TARGET_NAME)";
				SWIFT_VERSION = 3.0;
			};
			name = Release;
		};
/* End XCBuildConfiguration section */

/* Begin XCConfigurationList section */
		83322D501E7ACD9D00375E30 /* Build configuration list for PBXProject "SampleEditor" */ = {
			isa = XCConfigurationList;
			buildConfigurations = (
				83322D621E7ACD9E00375E30 /* Debug */,
				83322D631E7ACD9E00375E30 /* Release */,
			);
			defaultConfigurationIsVisible = 0;
			defaultConfigurationName = Release;
		};
		83322D641E7ACD9E00375E30 /* Build configuration list for PBXNativeTarget "SampleEditor" */ = {
			isa = XCConfigurationList;
			buildConfigurations = (
				83322D651E7ACD9E00375E30 /* Debug */,
				83322D661E7ACD9E00375E30 /* Release */,
			);
			defaultConfigurationIsVisible = 0;
			defaultConfigurationName = Release;
		};
/* End XCConfigurationList section */
	};
	rootObject = 83322D4D1E7ACD9D00375E30 /* Project object */;
}
